lockfileVersion: '9.0'

settings:
  autoInstallPeers: true
  excludeLinksFromLockfile: false

importers:

  .: {}

  examples/basic:
    dependencies:
      cf-framework:
        specifier: workspace:*
        version: link:../../packages/framework
    devDependencies:
      '@cloudflare/workers-types':
        specifier: 4.20240924.0
        version: 4.20240924.0
      '@types/react':
        specifier: 18.3.9
        version: 18.3.9
      typescript:
        specifier: 5.6.2
        version: 5.6.2

  packages/framework:
    devDependencies:
      '@cloudflare/workers-types':
        specifier: 4.20240924.0
        version: 4.20240924.0
      typescript:
        specifier: 5.6.2
        version: 5.6.2

packages:

  '@cloudflare/workers-types@4.20240924.0':
    resolution: {integrity: sha512-AnoHY0B5rgMv4Lg34mdwfp4+Z9ZZRli8AFO7uY8Q9UchR+HPEMEdaAQ0EswTYQqcVBdarRuYyM0Oeo4hM8Jqog==}

  '@types/prop-types@15.7.13':
    resolution: {integrity: sha512-hCZTSvwbzWGvhqxp/RqVqwU999pBf2vp7hzIjiYOsl8wqOmUxkQ6ddw1cV3l8811+kdUFus/q4d1Y3E3SyEifA==}

  '@types/react@18.3.9':
    resolution: {integrity: sha512-+BpAVyTpJkNWWSSnaLBk6ePpHLOGJKnEQNbINNovPWzvEUyAe3e+/d494QdEh71RekM/qV7lw6jzf1HGrJyAtQ==}

  csstype@3.1.3:
    resolution: {integrity: sha512-M1uQkMl8rQK/szD0LNhtqxIPLpimGm8sOBwU7lLnCpSbTyY3yeU1Vc7l4KT5zT4s/yOxHH5O7tIuuLOCnLADRw==}

  typescript@5.6.2:
    resolution: {integrity: sha512-NW8ByodCSNCwZeghjN3o+JX5OFH0Ojg6sadjEKY4huZ52TqbJTJnDo5+Tw98lSy63NZvi4n+ez5m2u5d4PkZyw==}
    engines: {node: '>=14.17'}
    hasBin: true

snapshots:

  '@cloudflare/workers-types@4.20240924.0': {}

  '@types/prop-types@15.7.13': {}

  '@types/react@18.3.9':
    dependencies:
      '@types/prop-types': 15.7.13
      csstype: 3.1.3

  csstype@3.1.3: {}

  typescript@5.6.2: {}
